PODS:
  - Bolts/Tasks (1.9.1)
  - ImageKitIO (2.0.1)
  - Parse (1.19.4):
    - Parse/Core (= 1.19.4)
  - Parse/Core (1.19.4):
    - Bolts/Tasks (= 1.9.1)

DEPENDENCIES:
  - ImageKitIO
  - Parse

SPEC REPOS:
  trunk:
    - Bolts
    - ImageKitIO
    - Parse

SPEC CHECKSUMS:
  Bolts: 8c1e8aab2f603387b8b9924f57d1d64f43d3ffdc
  ImageKitIO: 9a64766164376eada86e3ce3f028292945bfaa7b
  Parse: 6d572042e2c171414c677acabcd9bab7bbf51264

PODFILE CHECKSUM: a3585668b859ba2aeef8974a63d736eeddb8434a

COCOAPODS: 1.12.1
